lockfileVersion: '9.0'

settings:
  autoInstallPeers: true
  excludeLinksFromLockfile: false

importers:

  .:
    dependencies:
      '@effect/experimental':
        specifier: ^0.46.8
        version: 0.46.8(@effect/platform@0.82.8(effect@3.15.4))(effect@3.15.4)
      '@effect/language-service':
        specifier: ^0.17.1
        version: 0.17.1
      '@effect/opentelemetry':
        specifier: ^0.48.8
        version: 0.48.8(@effect/platform@0.82.8(effect@3.15.4))(@opentelemetry/semantic-conventions@1.32.0)(effect@3.15.4)
      '@effect/platform':
        specifier: ^0.82.8
        version: 0.82.8(effect@3.15.4)
      '@effect/platform-bun':
        specifier: ^0.65.5
        version: 0.65.5(@effect/cluster@0.30.10(@effect/platform@0.82.8(effect@3.15.4))(@effect/rpc@0.56.8(@effect/platform@0.82.8(effect@3.15.4))(effect@3.15.4))(@effect/sql@0.33.20(@effect/experimental@0.46.8(@effect/platform@0.82.8(effect@3.15.4))(effect@3.15.4))(@effect/platform@0.82.8(effect@3.15.4))(effect@3.15.4))(effect@3.15.4))(@effect/platform@0.82.8(effect@3.15.4))(@effect/rpc@0.56.8(@effect/platform@0.82.8(effect@3.15.4))(effect@3.15.4))(@effect/sql@0.33.20(@effect/experimental@0.46.8(@effect/platform@0.82.8(effect@3.15.4))(effect@3.15.4))(@effect/platform@0.82.8(effect@3.15.4))(effect@3.15.4))(effect@3.15.4)
      effect:
        specifier: ^3.15.4
        version: 3.15.4
    devDependencies:
      '@biomejs/biome':
        specifier: 1.9.4
        version: 1.9.4
      typescript:
        specifier: ^5.8.3
        version: 5.8.3
      ultracite:
        specifier: 4.2.5
        version: 4.2.5

packages:

  '@biomejs/biome@1.9.4':
    resolution: {integrity: sha512-1rkd7G70+o9KkTn5KLmDYXihGoTaIGO9PIIN2ZB7UJxFrWw04CZHPYiMRjYsaDvVV7hP1dYNRLxSANLaBFGpog==}
    engines: {node: '>=14.21.3'}
    hasBin: true

  '@biomejs/cli-darwin-arm64@1.9.4':
    resolution: {integrity: sha512-bFBsPWrNvkdKrNCYeAp+xo2HecOGPAy9WyNyB/jKnnedgzl4W4Hb9ZMzYNbf8dMCGmUdSavlYHiR01QaYR58cw==}
    engines: {node: '>=14.21.3'}
    cpu: [arm64]
    os: [darwin]

  '@biomejs/cli-darwin-x64@1.9.4':
    resolution: {integrity: sha512-ngYBh/+bEedqkSevPVhLP4QfVPCpb+4BBe2p7Xs32dBgs7rh9nY2AIYUL6BgLw1JVXV8GlpKmb/hNiuIxfPfZg==}
    engines: {node: '>=14.21.3'}
    cpu: [x64]
    os: [darwin]

  '@biomejs/cli-linux-arm64-musl@1.9.4':
    resolution: {integrity: sha512-v665Ct9WCRjGa8+kTr0CzApU0+XXtRgwmzIf1SeKSGAv+2scAlW6JR5PMFo6FzqqZ64Po79cKODKf3/AAmECqA==}
    engines: {node: '>=14.21.3'}
    cpu: [arm64]
    os: [linux]

  '@biomejs/cli-linux-arm64@1.9.4':
    resolution: {integrity: sha512-fJIW0+LYujdjUgJJuwesP4EjIBl/N/TcOX3IvIHJQNsAqvV2CHIogsmA94BPG6jZATS4Hi+xv4SkBBQSt1N4/g==}
    engines: {node: '>=14.21.3'}
    cpu: [arm64]
    os: [linux]

  '@biomejs/cli-linux-x64-musl@1.9.4':
    resolution: {integrity: sha512-gEhi/jSBhZ2m6wjV530Yy8+fNqG8PAinM3oV7CyO+6c3CEh16Eizm21uHVsyVBEB6RIM8JHIl6AGYCv6Q6Q9Tg==}
    engines: {node: '>=14.21.3'}
    cpu: [x64]
    os: [linux]

  '@biomejs/cli-linux-x64@1.9.4':
    resolution: {integrity: sha512-lRCJv/Vi3Vlwmbd6K+oQ0KhLHMAysN8lXoCI7XeHlxaajk06u7G+UsFSO01NAs5iYuWKmVZjmiOzJ0OJmGsMwg==}
    engines: {node: '>=14.21.3'}
    cpu: [x64]
    os: [linux]

  '@biomejs/cli-win32-arm64@1.9.4':
    resolution: {integrity: sha512-tlbhLk+WXZmgwoIKwHIHEBZUwxml7bRJgk0X2sPyNR3S93cdRq6XulAZRQJ17FYGGzWne0fgrXBKpl7l4M87Hg==}
    engines: {node: '>=14.21.3'}
    cpu: [arm64]
    os: [win32]

  '@biomejs/cli-win32-x64@1.9.4':
    resolution: {integrity: sha512-8Y5wMhVIPaWe6jw2H+KlEm4wP/f7EW3810ZLmDlrEEy5KvBsb9ECEfu/kMWD484ijfQ8+nIi0giMgu9g1UAuuA==}
    engines: {node: '>=14.21.3'}
    cpu: [x64]
    os: [win32]

  '@effect/cluster@0.30.10':
    resolution: {integrity: sha512-yk/WS8yZnV+7sbs8EmO8oK58bVp1FPZM2SRutaN6NILZyx2xUbpG6Am8CY5dEsRqO3QjXDUcqs4etUP44Bx+ig==}
    peerDependencies:
      '@effect/platform': ^0.80.20
      '@effect/rpc': ^0.56.8
      '@effect/sql': ^0.33.20
      effect: ^3.14.20

  '@effect/experimental@0.46.8':
    resolution: {integrity: sha512-2XasqFLQZFy2PGybFdBjgflXFfPuorc/6DMxogeTDHknZa0RH4KoJQQlWaCngbKMsZrZcv0jV+Zi4aDZsVGl7g==}
    peerDependencies:
      '@effect/platform': ^0.82.8
      effect: ^3.15.4
      ioredis: ^5
      lmdb: ^3
    peerDependenciesMeta:
      ioredis:
        optional: true
      lmdb:
        optional: true

  '@effect/language-service@0.17.1':
    resolution: {integrity: sha512-dA0DamelGlQtCppi8k4Bqq/Exr2L6anjtqzlj9Xf27eAyNdapvnqrwzDiQXMYD8zb4Xvul3gQuYBzvfFVz0baQ==}

  '@effect/opentelemetry@0.48.8':
    resolution: {integrity: sha512-ZULA3TSLVx3ylcWcmwg5wHiDIMc+LWPxUQVEqE5I+PgqNcPuhk11DjLO+ZYPWbQ2nF7NsawMactNOVCZLMQa7Q==}
    peerDependencies:
      '@effect/platform': ^0.82.8
      '@opentelemetry/api': ^1.9
      '@opentelemetry/resources': ^2.0.0
      '@opentelemetry/sdk-logs': '*'
      '@opentelemetry/sdk-metrics': ^2.0.0
      '@opentelemetry/sdk-trace-base': ^2.0.0
      '@opentelemetry/sdk-trace-node': ^2.0.0
      '@opentelemetry/sdk-trace-web': ^2.0.0
      '@opentelemetry/semantic-conventions': ^1.33.0
      effect: ^3.15.4
    peerDependenciesMeta:
      '@opentelemetry/api':
        optional: true
      '@opentelemetry/resources':
        optional: true
      '@opentelemetry/sdk-logs':
        optional: true
      '@opentelemetry/sdk-metrics':
        optional: true
      '@opentelemetry/sdk-trace-base':
        optional: true
      '@opentelemetry/sdk-trace-node':
        optional: true
      '@opentelemetry/sdk-trace-web':
        optional: true

  '@effect/platform-bun@0.65.5':
    resolution: {integrity: sha512-XAbcJ9UbyCHzEWrUg2kGrZBAnQgVR6MRva1NWf7oU9+Q7SgDuMriNhvIOm9OTjS5KWrwTlzYa8Lr0gmCNEkewQ==}
    peerDependencies:
      '@effect/cluster': ^0.34.5
      '@effect/platform': ^0.82.8
      '@effect/rpc': ^0.59.9
      '@effect/sql': ^0.35.8
      effect: ^3.15.4

  '@effect/platform-node-shared@0.35.5':
    resolution: {integrity: sha512-F0Hh+aueRxOw2vqo9LNqWh31ch5WBhz0Hp0vYQ8jntjLOsvN5oX/0JbGO4E5BNsMZV5HCraP6I4ACjP3KUnvCQ==}
    peerDependencies:
      '@effect/cluster': ^0.34.5
      '@effect/platform': ^0.82.8
      '@effect/rpc': ^0.59.9
      '@effect/sql': ^0.35.8
      effect: ^3.15.4

  '@effect/platform@0.82.8':
    resolution: {integrity: sha512-JEnIACWM2CfyKbf31dPzC903iF11SfiAk74Xs43Ez+n1ieQz2Ew2S/99KBbuesIKkDScLtn8PI23EBFMQiL0Ow==}
    peerDependencies:
      effect: ^3.15.4

  '@effect/rpc@0.56.8':
    resolution: {integrity: sha512-gEyGr+xTLtvIsuLzLWSzIQvXDOSf+2pnOF7dTbxYJRtEgbGnrm2z6Vbj1RBdDTtMUbdL26rSCsxampgum87GgA==}
    peerDependencies:
      '@effect/platform': ^0.80.20
      effect: ^3.14.20

  '@effect/sql@0.33.20':
    resolution: {integrity: sha512-ynDveKXM+Xyb5KVvxuUnVnUazkzGiGNYopf9AvsFUHU59p6zYsy8I9dGW7+B3/Ebb2x3hY/3gRpOgCuGySGhEw==}
    peerDependencies:
      '@effect/experimental': ^0.44.20
      '@effect/platform': ^0.80.20
      effect: ^3.14.20

  '@msgpackr-extract/msgpackr-extract-darwin-arm64@3.0.3':
    resolution: {integrity: sha512-QZHtlVgbAdy2zAqNA9Gu1UpIuI8Xvsd1v8ic6B2pZmeFnFcMWiPLfWXh7TVw4eGEZ/C9TH281KwhVoeQUKbyjw==}
    cpu: [arm64]
    os: [darwin]

  '@msgpackr-extract/msgpackr-extract-darwin-x64@3.0.3':
    resolution: {integrity: sha512-mdzd3AVzYKuUmiWOQ8GNhl64/IoFGol569zNRdkLReh6LRLHOXxU4U8eq0JwaD8iFHdVGqSy4IjFL4reoWCDFw==}
    cpu: [x64]
    os: [darwin]

  '@msgpackr-extract/msgpackr-extract-linux-arm64@3.0.3':
    resolution: {integrity: sha512-YxQL+ax0XqBJDZiKimS2XQaf+2wDGVa1enVRGzEvLLVFeqa5kx2bWbtcSXgsxjQB7nRqqIGFIcLteF/sHeVtQg==}
    cpu: [arm64]
    os: [linux]

  '@msgpackr-extract/msgpackr-extract-linux-arm@3.0.3':
    resolution: {integrity: sha512-fg0uy/dG/nZEXfYilKoRe7yALaNmHoYeIoJuJ7KJ+YyU2bvY8vPv27f7UKhGRpY6euFYqEVhxCFZgAUNQBM3nw==}
    cpu: [arm]
    os: [linux]

  '@msgpackr-extract/msgpackr-extract-linux-x64@3.0.3':
    resolution: {integrity: sha512-cvwNfbP07pKUfq1uH+S6KJ7dT9K8WOE4ZiAcsrSes+UY55E/0jLYc+vq+DO7jlmqRb5zAggExKm0H7O/CBaesg==}
    cpu: [x64]
    os: [linux]

  '@msgpackr-extract/msgpackr-extract-win32-x64@3.0.3':
    resolution: {integrity: sha512-x0fWaQtYp4E6sktbsdAqnehxDgEc/VwM7uLsRCYWaiGu0ykYdZPiS8zCWdnjHwyiumousxfBm4SO31eXqwEZhQ==}
    cpu: [x64]
    os: [win32]

  '@opentelemetry/semantic-conventions@1.32.0':
    resolution: {integrity: sha512-s0OpmpQFSfMrmedAn9Lhg4KWJELHCU6uU9dtIJ28N8UGhf9Y55im5X8fEzwhwDwiSqN+ZPSNrDJF7ivf/AuRPQ==}
    engines: {node: '>=14'}

  '@parcel/watcher-android-arm64@2.5.1':
    resolution: {integrity: sha512-KF8+j9nNbUN8vzOFDpRMsaKBHZ/mcjEjMToVMJOhTozkDonQFFrRcfdLWn6yWKCmJKmdVxSgHiYvTCef4/qcBA==}
    engines: {node: '>= 10.0.0'}
    cpu: [arm64]
    os: [android]

  '@parcel/watcher-darwin-arm64@2.5.1':
    resolution: {integrity: sha512-eAzPv5osDmZyBhou8PoF4i6RQXAfeKL9tjb3QzYuccXFMQU0ruIc/POh30ePnaOyD1UXdlKguHBmsTs53tVoPw==}
    engines: {node: '>= 10.0.0'}
    cpu: [arm64]
    os: [darwin]

  '@parcel/watcher-darwin-x64@2.5.1':
    resolution: {integrity: sha512-1ZXDthrnNmwv10A0/3AJNZ9JGlzrF82i3gNQcWOzd7nJ8aj+ILyW1MTxVk35Db0u91oD5Nlk9MBiujMlwmeXZg==}
    engines: {node: '>= 10.0.0'}
    cpu: [x64]
    os: [darwin]

  '@parcel/watcher-freebsd-x64@2.5.1':
    resolution: {integrity: sha512-SI4eljM7Flp9yPuKi8W0ird8TI/JK6CSxju3NojVI6BjHsTyK7zxA9urjVjEKJ5MBYC+bLmMcbAWlZ+rFkLpJQ==}
    engines: {node: '>= 10.0.0'}
    cpu: [x64]
    os: [freebsd]

  '@parcel/watcher-linux-arm-glibc@2.5.1':
    resolution: {integrity: sha512-RCdZlEyTs8geyBkkcnPWvtXLY44BCeZKmGYRtSgtwwnHR4dxfHRG3gR99XdMEdQ7KeiDdasJwwvNSF5jKtDwdA==}
    engines: {node: '>= 10.0.0'}
    cpu: [arm]
    os: [linux]

  '@parcel/watcher-linux-arm-musl@2.5.1':
    resolution: {integrity: sha512-6E+m/Mm1t1yhB8X412stiKFG3XykmgdIOqhjWj+VL8oHkKABfu/gjFj8DvLrYVHSBNC+/u5PeNrujiSQ1zwd1Q==}
    engines: {node: '>= 10.0.0'}
    cpu: [arm]
    os: [linux]

  '@parcel/watcher-linux-arm64-glibc@2.5.1':
    resolution: {integrity: sha512-LrGp+f02yU3BN9A+DGuY3v3bmnFUggAITBGriZHUREfNEzZh/GO06FF5u2kx8x+GBEUYfyTGamol4j3m9ANe8w==}
    engines: {node: '>= 10.0.0'}
    cpu: [arm64]
    os: [linux]

  '@parcel/watcher-linux-arm64-musl@2.5.1':
    resolution: {integrity: sha512-cFOjABi92pMYRXS7AcQv9/M1YuKRw8SZniCDw0ssQb/noPkRzA+HBDkwmyOJYp5wXcsTrhxO0zq1U11cK9jsFg==}
    engines: {node: '>= 10.0.0'}
    cpu: [arm64]
    os: [linux]

  '@parcel/watcher-linux-x64-glibc@2.5.1':
    resolution: {integrity: sha512-GcESn8NZySmfwlTsIur+49yDqSny2IhPeZfXunQi48DMugKeZ7uy1FX83pO0X22sHntJ4Ub+9k34XQCX+oHt2A==}
    engines: {node: '>= 10.0.0'}
    cpu: [x64]
    os: [linux]

  '@parcel/watcher-linux-x64-musl@2.5.1':
    resolution: {integrity: sha512-n0E2EQbatQ3bXhcH2D1XIAANAcTZkQICBPVaxMeaCVBtOpBZpWJuf7LwyWPSBDITb7In8mqQgJ7gH8CILCURXg==}
    engines: {node: '>= 10.0.0'}
    cpu: [x64]
    os: [linux]

  '@parcel/watcher-win32-arm64@2.5.1':
    resolution: {integrity: sha512-RFzklRvmc3PkjKjry3hLF9wD7ppR4AKcWNzH7kXR7GUe0Igb3Nz8fyPwtZCSquGrhU5HhUNDr/mKBqj7tqA2Vw==}
    engines: {node: '>= 10.0.0'}
    cpu: [arm64]
    os: [win32]

  '@parcel/watcher-win32-ia32@2.5.1':
    resolution: {integrity: sha512-c2KkcVN+NJmuA7CGlaGD1qJh1cLfDnQsHjE89E60vUEMlqduHGCdCLJCID5geFVM0dOtA3ZiIO8BoEQmzQVfpQ==}
    engines: {node: '>= 10.0.0'}
    cpu: [ia32]
    os: [win32]

  '@parcel/watcher-win32-x64@2.5.1':
    resolution: {integrity: sha512-9lHBdJITeNR++EvSQVUcaZoWupyHfXe1jZvGZ06O/5MflPcuPLtEphScIBL+AiCWBO46tDSHzWyD0uDmmZqsgA==}
    engines: {node: '>= 10.0.0'}
    cpu: [x64]
    os: [win32]

  '@parcel/watcher@2.5.1':
    resolution: {integrity: sha512-dfUnCxiN9H4ap84DvD2ubjw+3vUNpstxa0TneY/Paat8a3R4uQZDLSvWjmznAY/DoahqTHl9V46HF/Zs3F29pg==}
    engines: {node: '>= 10.0.0'}

  '@standard-schema/spec@1.0.0':
    resolution: {integrity: sha512-m2bOd0f2RT9k8QJx1JN85cZYyH1RqFBdlwtkSlf4tBDYLCiiZnv1fIIwacK6cqwXavOydf0NPToMQgpKq+dVlA==}

  braces@3.0.3:
    resolution: {integrity: sha512-yQbXgO/OSZVD2IsiLlro+7Hf6Q18EJrKSEsdoMzKePKXct3gvD8oLcOQdIzGupr5Fj+EDe8gO/lxc1BzfMpxvA==}
    engines: {node: '>=8'}

  commander@12.1.0:
    resolution: {integrity: sha512-Vw8qHK3bZM9y/P10u3Vib8o/DdkvA2OtPtZvD871QKjy74Wj1WSKFILMPRPSdUSx5RFK1arlJzEtA4PkFgnbuA==}
    engines: {node: '>=18'}

  detect-libc@1.0.3:
    resolution: {integrity: sha512-pGjwhsmsp4kL2RTz08wcOlGN83otlqHeD/Z5T8GXZB+/YcpQ/dgo+lbU8ZsGxV0HIvqqxo9l7mqYwyYMD9bKDg==}
    engines: {node: '>=0.10'}
    hasBin: true

  detect-libc@2.0.4:
    resolution: {integrity: sha512-3UDv+G9CsCKO1WKMGw9fwq/SWJYbI0c5Y7LU1AXYoDdbhE2AHQ6N6Nb34sG8Fj7T5APy8qXDCKuuIHd1BR0tVA==}
    engines: {node: '>=8'}

  effect@3.15.4:
    resolution: {integrity: sha512-bcikyXIhzIEsUNjlgNhEC3J6xAn8iDM8z/x9k52fb3daN5iKm1rlr6Ho3TNgXM48tUUYBnTAyunk+kVzx/u8kA==}

  fast-check@3.23.2:
    resolution: {integrity: sha512-h5+1OzzfCC3Ef7VbtKdcv7zsstUQwUDlYpUTvjeUsJAssPgLn7QzbboPtL5ro04Mq0rPOsMzl7q5hIbRs2wD1A==}
    engines: {node: '>=8.0.0'}

  fill-range@7.1.1:
    resolution: {integrity: sha512-YsGpe3WHLK8ZYi4tWDg2Jy3ebRz2rXowDxnld4bkQB00cc/1Zw9AWnC0i9ztDJitivtQvaI9KaLyKrc+hBW0yg==}
    engines: {node: '>=8'}

  find-my-way-ts@0.1.5:
    resolution: {integrity: sha512-4GOTMrpGQVzsCH2ruUn2vmwzV/02zF4q+ybhCIrw/Rkt3L8KWcycdC6aJMctJzwN4fXD4SD5F/4B9Sksh5rE0A==}

  is-extglob@2.1.1:
    resolution: {integrity: sha512-SbKbANkN603Vi4jEZv49LeVJMn4yGwsbzZworEoyEiutsN3nJYdbO36zfhGJ6QEDpOZIFkDtnq5JRxmvl3jsoQ==}
    engines: {node: '>=0.10.0'}

  is-glob@4.0.3:
    resolution: {integrity: sha512-xelSayHH36ZgE7ZWhli7pW34hNbNl8Ojv5KVmkJD4hBdD3th8Tfk9vYasLM+mXWOZhFkgZfxhLSnrwRr4elSSg==}
    engines: {node: '>=0.10.0'}

  is-number@7.0.0:
    resolution: {integrity: sha512-41Cifkg6e8TylSpdtTpeLVMqvSBEVzTttHvERD741+pnZ8ANv0004MRL43QKPDlK9cGvNp6NZWZUBlbGXYxxng==}
    engines: {node: '>=0.12.0'}

  micromatch@4.0.8:
    resolution: {integrity: sha512-PXwfBhYu0hBCPw8Dn0E+WDYb7af3dSLVWKi3HGv84IdF4TyFoC0ysxFd0Goxw7nSv4T/PzEJQxsYsEiFCKo2BA==}
    engines: {node: '>=8.6'}

  msgpackr-extract@3.0.3:
    resolution: {integrity: sha512-P0efT1C9jIdVRefqjzOQ9Xml57zpOXnIuS+csaB4MdZbTdmGDLo8XhzBG1N7aO11gKDDkJvBLULeFTo46wwreA==}
    hasBin: true

  msgpackr@1.11.4:
    resolution: {integrity: sha512-uaff7RG9VIC4jacFW9xzL3jc0iM32DNHe4jYVycBcjUePT/Klnfj7pqtWJt9khvDFizmjN2TlYniYmSS2LIaZg==}

  multipasta@0.2.5:
    resolution: {integrity: sha512-c8eMDb1WwZcE02WVjHoOmUVk7fnKU/RmUcosHACglrWAuPQsEJv+E8430sXj6jNc1jHw0zrS16aCjQh4BcEb4A==}

  node-addon-api@7.1.1:
    resolution: {integrity: sha512-5m3bsyrjFWE1xf7nz7YXdN4udnVtXK6/Yfgn5qnahL6bCkf2yKt4k3nuTKAtT4r3IG8JNR2ncsIMdZuAzJjHQQ==}

  node-gyp-build-optional-packages@5.2.2:
    resolution: {integrity: sha512-s+w+rBWnpTMwSFbaE0UXsRlg7hU4FjekKU4eyAih5T8nJuNZT1nNsskXpxmeqSK9UzkBl6UgRlnKc8hz8IEqOw==}
    hasBin: true

  picomatch@2.3.1:
    resolution: {integrity: sha512-JU3teHTNjmE2VCGFzuY8EXzCDVwEqB2a8fsIvwaStHhAWJEeVd1o1QD80CU6+ZdEXXSLbSsuLwJjkCBWqRQUVA==}
    engines: {node: '>=8.6'}

  pure-rand@6.1.0:
    resolution: {integrity: sha512-bVWawvoZoBYpp6yIoQtQXHZjmz35RSVHnUOTefl8Vcjr8snTPY1wnpSPMWekcFwbxI6gtmT7rSYPFvz71ldiOA==}

  to-regex-range@5.0.1:
    resolution: {integrity: sha512-65P7iz6X5yEr1cwcgvQxbbIw7Uk3gOy5dIdtZ4rDveLqhrdJP+Li/Hx6tyK0NEb+2GCyneCMJiGqrADCSNk8sQ==}
    engines: {node: '>=8.0'}

  typescript@5.8.3:
    resolution: {integrity: sha512-p1diW6TqL9L07nNxvRMM7hMMw4c5XOo/1ibL4aAIGmSAt9slTE1Xgw5KWuof2uTOvCg9BY7ZRi+GaF+7sfgPeQ==}
    engines: {node: '>=14.17'}
    hasBin: true

  ultracite@4.2.5:
    resolution: {integrity: sha512-WSJXX6dpSC+fhPQHAQn7jxtgxU9ueujQ3DZTVfzOUdmmvIm/i6v0/WlUyCDYZbzJup+pC8vUzi+XUJLRbN52HQ==}
    hasBin: true

  uuid@11.1.0:
    resolution: {integrity: sha512-0/A9rDy9P7cJ+8w1c9WD9V//9Wj15Ce2MPz8Ri6032usz+NfePxx5AcN3bN+r6ZL6jEo066/yNYB3tn4pQEx+A==}
    hasBin: true

  ws@8.18.2:
    resolution: {integrity: sha512-DMricUmwGZUVr++AEAe2uiVM7UoO9MAVZMDu05UQOaUII0lp+zOzLLU4Xqh/JvTqklB1T4uELaaPBKyjE1r4fQ==}
    engines: {node: '>=10.0.0'}
    peerDependencies:
      bufferutil: ^4.0.1
      utf-8-validate: '>=5.0.2'
    peerDependenciesMeta:
      bufferutil:
        optional: true
      utf-8-validate:
        optional: true

snapshots:

  '@biomejs/biome@1.9.4':
    optionalDependencies:
      '@biomejs/cli-darwin-arm64': 1.9.4
      '@biomejs/cli-darwin-x64': 1.9.4
      '@biomejs/cli-linux-arm64': 1.9.4
      '@biomejs/cli-linux-arm64-musl': 1.9.4
      '@biomejs/cli-linux-x64': 1.9.4
      '@biomejs/cli-linux-x64-musl': 1.9.4
      '@biomejs/cli-win32-arm64': 1.9.4
      '@biomejs/cli-win32-x64': 1.9.4

  '@biomejs/cli-darwin-arm64@1.9.4':
    optional: true

  '@biomejs/cli-darwin-x64@1.9.4':
    optional: true

  '@biomejs/cli-linux-arm64-musl@1.9.4':
    optional: true

  '@biomejs/cli-linux-arm64@1.9.4':
    optional: true

  '@biomejs/cli-linux-x64-musl@1.9.4':
    optional: true

  '@biomejs/cli-linux-x64@1.9.4':
    optional: true

  '@biomejs/cli-win32-arm64@1.9.4':
    optional: true

  '@biomejs/cli-win32-x64@1.9.4':
    optional: true

  '@effect/cluster@0.30.10(@effect/platform@0.82.8(effect@3.15.4))(@effect/rpc@0.56.8(@effect/platform@0.82.8(effect@3.15.4))(effect@3.15.4))(@effect/sql@0.33.20(@effect/experimental@0.46.8(@effect/platform@0.82.8(effect@3.15.4))(effect@3.15.4))(@effect/platform@0.82.8(effect@3.15.4))(effect@3.15.4))(effect@3.15.4)':
    dependencies:
      '@effect/platform': 0.82.8(effect@3.15.4)
      '@effect/rpc': 0.56.8(@effect/platform@0.82.8(effect@3.15.4))(effect@3.15.4)
      '@effect/sql': 0.33.20(@effect/experimental@0.46.8(@effect/platform@0.82.8(effect@3.15.4))(effect@3.15.4))(@effect/platform@0.82.8(effect@3.15.4))(effect@3.15.4)
      effect: 3.15.4

  '@effect/experimental@0.46.8(@effect/platform@0.82.8(effect@3.15.4))(effect@3.15.4)':
    dependencies:
      '@effect/platform': 0.82.8(effect@3.15.4)
      effect: 3.15.4
      uuid: 11.1.0

  '@effect/language-service@0.17.1': {}

  '@effect/opentelemetry@0.48.8(@effect/platform@0.82.8(effect@3.15.4))(@opentelemetry/semantic-conventions@1.32.0)(effect@3.15.4)':
    dependencies:
      '@effect/platform': 0.82.8(effect@3.15.4)
      '@opentelemetry/semantic-conventions': 1.32.0
      effect: 3.15.4

  '@effect/platform-bun@0.65.5(@effect/cluster@0.30.10(@effect/platform@0.82.8(effect@3.15.4))(@effect/rpc@0.56.8(@effect/platform@0.82.8(effect@3.15.4))(effect@3.15.4))(@effect/sql@0.33.20(@effect/experimental@0.46.8(@effect/platform@0.82.8(effect@3.15.4))(effect@3.15.4))(@effect/platform@0.82.8(effect@3.15.4))(effect@3.15.4))(effect@3.15.4))(@effect/platform@0.82.8(effect@3.15.4))(@effect/rpc@0.56.8(@effect/platform@0.82.8(effect@3.15.4))(effect@3.15.4))(@effect/sql@0.33.20(@effect/experimental@0.46.8(@effect/platform@0.82.8(effect@3.15.4))(effect@3.15.4))(@effect/platform@0.82.8(effect@3.15.4))(effect@3.15.4))(effect@3.15.4)':
    dependencies:
      '@effect/cluster': 0.30.10(@effect/platform@0.82.8(effect@3.15.4))(@effect/rpc@0.56.8(@effect/platform@0.82.8(effect@3.15.4))(effect@3.15.4))(@effect/sql@0.33.20(@effect/experimental@0.46.8(@effect/platform@0.82.8(effect@3.15.4))(effect@3.15.4))(@effect/platform@0.82.8(effect@3.15.4))(effect@3.15.4))(effect@3.15.4)
      '@effect/platform': 0.82.8(effect@3.15.4)
      '@effect/platform-node-shared': 0.35.5(@effect/cluster@0.30.10(@effect/platform@0.82.8(effect@3.15.4))(@effect/rpc@0.56.8(@effect/platform@0.82.8(effect@3.15.4))(effect@3.15.4))(@effect/sql@0.33.20(@effect/experimental@0.46.8(@effect/platform@0.82.8(effect@3.15.4))(effect@3.15.4))(@effect/platform@0.82.8(effect@3.15.4))(effect@3.15.4))(effect@3.15.4))(@effect/platform@0.82.8(effect@3.15.4))(@effect/rpc@0.56.8(@effect/platform@0.82.8(effect@3.15.4))(effect@3.15.4))(@effect/sql@0.33.20(@effect/experimental@0.46.8(@effect/platform@0.82.8(effect@3.15.4))(effect@3.15.4))(@effect/platform@0.82.8(effect@3.15.4))(effect@3.15.4))(effect@3.15.4)
      '@effect/rpc': 0.56.8(@effect/platform@0.82.8(effect@3.15.4))(effect@3.15.4)
      '@effect/sql': 0.33.20(@effect/experimental@0.46.8(@effect/platform@0.82.8(effect@3.15.4))(effect@3.15.4))(@effect/platform@0.82.8(effect@3.15.4))(effect@3.15.4)
      effect: 3.15.4
      multipasta: 0.2.5
    transitivePeerDependencies:
      - bufferutil
      - utf-8-validate

  '@effect/platform-node-shared@0.35.5(@effect/cluster@0.30.10(@effect/platform@0.82.8(effect@3.15.4))(@effect/rpc@0.56.8(@effect/platform@0.82.8(effect@3.15.4))(effect@3.15.4))(@effect/sql@0.33.20(@effect/experimental@0.46.8(@effect/platform@0.82.8(effect@3.15.4))(effect@3.15.4))(@effect/platform@0.82.8(effect@3.15.4))(effect@3.15.4))(effect@3.15.4))(@effect/platform@0.82.8(effect@3.15.4))(@effect/rpc@0.56.8(@effect/platform@0.82.8(effect@3.15.4))(effect@3.15.4))(@effect/sql@0.33.20(@effect/experimental@0.46.8(@effect/platform@0.82.8(effect@3.15.4))(effect@3.15.4))(@effect/platform@0.82.8(effect@3.15.4))(effect@3.15.4))(effect@3.15.4)':
    dependencies:
      '@effect/cluster': 0.30.10(@effect/platform@0.82.8(effect@3.15.4))(@effect/rpc@0.56.8(@effect/platform@0.82.8(effect@3.15.4))(effect@3.15.4))(@effect/sql@0.33.20(@effect/experimental@0.46.8(@effect/platform@0.82.8(effect@3.15.4))(effect@3.15.4))(@effect/platform@0.82.8(effect@3.15.4))(effect@3.15.4))(effect@3.15.4)
      '@effect/platform': 0.82.8(effect@3.15.4)
      '@effect/rpc': 0.56.8(@effect/platform@0.82.8(effect@3.15.4))(effect@3.15.4)
      '@effect/sql': 0.33.20(@effect/experimental@0.46.8(@effect/platform@0.82.8(effect@3.15.4))(effect@3.15.4))(@effect/platform@0.82.8(effect@3.15.4))(effect@3.15.4)
      '@parcel/watcher': 2.5.1
      effect: 3.15.4
      multipasta: 0.2.5
      ws: 8.18.2
    transitivePeerDependencies:
      - bufferutil
      - utf-8-validate

  '@effect/platform@0.82.8(effect@3.15.4)':
    dependencies:
      effect: 3.15.4
      find-my-way-ts: 0.1.5
      msgpackr: 1.11.4
      multipasta: 0.2.5

  '@effect/rpc@0.56.8(@effect/platform@0.82.8(effect@3.15.4))(effect@3.15.4)':
    dependencies:
      '@effect/platform': 0.82.8(effect@3.15.4)
      effect: 3.15.4

  '@effect/sql@0.33.20(@effect/experimental@0.46.8(@effect/platform@0.82.8(effect@3.15.4))(effect@3.15.4))(@effect/platform@0.82.8(effect@3.15.4))(effect@3.15.4)':
    dependencies:
      '@effect/experimental': 0.46.8(@effect/platform@0.82.8(effect@3.15.4))(effect@3.15.4)
      '@effect/platform': 0.82.8(effect@3.15.4)
      '@opentelemetry/semantic-conventions': 1.32.0
      effect: 3.15.4
      uuid: 11.1.0

  '@msgpackr-extract/msgpackr-extract-darwin-arm64@3.0.3':
    optional: true

  '@msgpackr-extract/msgpackr-extract-darwin-x64@3.0.3':
    optional: true

  '@msgpackr-extract/msgpackr-extract-linux-arm64@3.0.3':
    optional: true

  '@msgpackr-extract/msgpackr-extract-linux-arm@3.0.3':
    optional: true

  '@msgpackr-extract/msgpackr-extract-linux-x64@3.0.3':
    optional: true

  '@msgpackr-extract/msgpackr-extract-win32-x64@3.0.3':
    optional: true

  '@opentelemetry/semantic-conventions@1.32.0': {}

  '@parcel/watcher-android-arm64@2.5.1':
    optional: true

  '@parcel/watcher-darwin-arm64@2.5.1':
    optional: true

  '@parcel/watcher-darwin-x64@2.5.1':
    optional: true

  '@parcel/watcher-freebsd-x64@2.5.1':
    optional: true

  '@parcel/watcher-linux-arm-glibc@2.5.1':
    optional: true

  '@parcel/watcher-linux-arm-musl@2.5.1':
    optional: true

  '@parcel/watcher-linux-arm64-glibc@2.5.1':
    optional: true

  '@parcel/watcher-linux-arm64-musl@2.5.1':
    optional: true

  '@parcel/watcher-linux-x64-glibc@2.5.1':
    optional: true

  '@parcel/watcher-linux-x64-musl@2.5.1':
    optional: true

  '@parcel/watcher-win32-arm64@2.5.1':
    optional: true

  '@parcel/watcher-win32-ia32@2.5.1':
    optional: true

  '@parcel/watcher-win32-x64@2.5.1':
    optional: true

  '@parcel/watcher@2.5.1':
    dependencies:
      detect-libc: 1.0.3
      is-glob: 4.0.3
      micromatch: 4.0.8
      node-addon-api: 7.1.1
    optionalDependencies:
      '@parcel/watcher-android-arm64': 2.5.1
      '@parcel/watcher-darwin-arm64': 2.5.1
      '@parcel/watcher-darwin-x64': 2.5.1
      '@parcel/watcher-freebsd-x64': 2.5.1
      '@parcel/watcher-linux-arm-glibc': 2.5.1
      '@parcel/watcher-linux-arm-musl': 2.5.1
      '@parcel/watcher-linux-arm64-glibc': 2.5.1
      '@parcel/watcher-linux-arm64-musl': 2.5.1
      '@parcel/watcher-linux-x64-glibc': 2.5.1
      '@parcel/watcher-linux-x64-musl': 2.5.1
      '@parcel/watcher-win32-arm64': 2.5.1
      '@parcel/watcher-win32-ia32': 2.5.1
      '@parcel/watcher-win32-x64': 2.5.1

  '@standard-schema/spec@1.0.0': {}

  braces@3.0.3:
    dependencies:
      fill-range: 7.1.1

  commander@12.1.0: {}

  detect-libc@1.0.3: {}

  detect-libc@2.0.4:
    optional: true

  effect@3.15.4:
    dependencies:
      '@standard-schema/spec': 1.0.0
      fast-check: 3.23.2

  fast-check@3.23.2:
    dependencies:
      pure-rand: 6.1.0

  fill-range@7.1.1:
    dependencies:
      to-regex-range: 5.0.1

  find-my-way-ts@0.1.5: {}

  is-extglob@2.1.1: {}

  is-glob@4.0.3:
    dependencies:
      is-extglob: 2.1.1

  is-number@7.0.0: {}

  micromatch@4.0.8:
    dependencies:
      braces: 3.0.3
      picomatch: 2.3.1

  msgpackr-extract@3.0.3:
    dependencies:
      node-gyp-build-optional-packages: 5.2.2
    optionalDependencies:
      '@msgpackr-extract/msgpackr-extract-darwin-arm64': 3.0.3
      '@msgpackr-extract/msgpackr-extract-darwin-x64': 3.0.3
      '@msgpackr-extract/msgpackr-extract-linux-arm': 3.0.3
      '@msgpackr-extract/msgpackr-extract-linux-arm64': 3.0.3
      '@msgpackr-extract/msgpackr-extract-linux-x64': 3.0.3
      '@msgpackr-extract/msgpackr-extract-win32-x64': 3.0.3
    optional: true

  msgpackr@1.11.4:
    optionalDependencies:
      msgpackr-extract: 3.0.3

  multipasta@0.2.5: {}

  node-addon-api@7.1.1: {}

  node-gyp-build-optional-packages@5.2.2:
    dependencies:
      detect-libc: 2.0.4
    optional: true

  picomatch@2.3.1: {}

  pure-rand@6.1.0: {}

  to-regex-range@5.0.1:
    dependencies:
      is-number: 7.0.0

  typescript@5.8.3: {}

  ultracite@4.2.5:
    dependencies:
      commander: 12.1.0

  uuid@11.1.0: {}

  ws@8.18.2: {}
